
Microsoft Visual Studio Solution File, Format Version 12.00
# Visual Studio Version 17
VisualStudioVersion = 17.5.002.0
MinimumVisualStudioVersion = 10.0.40219.1
Project("{9A19103F-16F7-4668-BE54-9A1E7A4F7556}") = "PokemonDemo", "PokemonDemo.csproj", "{402FBC3B-D214-492F-B2F7-F6567D08C6BB}"
EndProject
Global
	GlobalSection(SolutionConfigurationPlatforms) = preSolution
		Debug|Any CPU = Debug|Any CPU
		Release|Any CPU = Release|Any CPU
	EndGlobalSection
	GlobalSection(ProjectConfigurationPlatforms) = postSolution
		{402FBC3B-D214-492F-B2F7-F6567D08C6BB}.Debug|Any CPU.ActiveCfg = Debug|Any CPU
		{402FBC3B-D214-492F-B2F7-F6567D08C6BB}.Debug|Any CPU.Build.0 = Debug|Any CPU
		{402FBC3B-D214-492F-B2F7-F6567D08C6BB}.Release|Any CPU.ActiveCfg = Release|Any CPU
		{402FBC3B-D214-492F-B2F7-F6567D08C6BB}.Release|Any CPU.Build.0 = Release|Any CPU
	EndGlobalSection
	GlobalSection(SolutionProperties) = preSolution
		HideSolutionNode = FALSE
	EndGlobalSection
	GlobalSection(ExtensibilityGlobals) = postSolution
		SolutionGuid = {31635308-D3FD-41BC-AE10-2AE9F940F36F}
	EndGlobalSection
EndGlobal
